
Microsoft Visual Studio Solution File, Format Version 12.00
# Visual Studio 15
VisualStudioVersion = 15.0.26228.4
MinimumVisualStudioVersion = 10.0.40219.1
Project("{FAE04EC0-301F-11D3-BF4B-00C04F79EFBC}") = "MagicalBaba.BaseLibrary", "MagicalBaba.BaseLibrary\MagicalBaba.BaseLibrary.csproj", "{C1250816-4D8A-4379-956E-6E8934106DD7}"
EndProject
Project("{FAE04EC0-301F-11D3-BF4B-00C04F79EFBC}") = "MagicalBaba.Desktop", "MagicalBaba.Desktop\MagicalBaba.Desktop.csproj", "{2CB80FD4-C70B-4AFC-881E-4E033C153092}"
EndProject
Global
	GlobalSection(SolutionConfigurationPlatforms) = preSolution
		Debug|Any CPU = Debug|Any CPU
		Debug|Mixed Platforms = Debug|Mixed Platforms
		Debug|x86 = Debug|x86
		Release|Any CPU = Release|Any CPU
		Release|Mixed Platforms = Release|Mixed Platforms
		Release|x86 = Release|x86
	EndGlobalSection
	GlobalSection(ProjectConfigurationPlatforms) = postSolution
		{C1250816-4D8A-4379-956E-6E8934106DD7}.Debug|Any CPU.ActiveCfg = Debug|Any CPU
		{C1250816-4D8A-4379-956E-6E8934106DD7}.Debug|Any CPU.Build.0 = Debug|Any CPU
		{C1250816-4D8A-4379-956E-6E8934106DD7}.Debug|Mixed Platforms.ActiveCfg = Debug|Any CPU
		{C1250816-4D8A-4379-956E-6E8934106DD7}.Debug|Mixed Platforms.Build.0 = Debug|Any CPU
		{C1250816-4D8A-4379-956E-6E8934106DD7}.Debug|x86.ActiveCfg = Debug|Any CPU
		{C1250816-4D8A-4379-956E-6E8934106DD7}.Release|Any CPU.ActiveCfg = Release|Any CPU
		{C1250816-4D8A-4379-956E-6E8934106DD7}.Release|Any CPU.Build.0 = Release|Any CPU
		{C1250816-4D8A-4379-956E-6E8934106DD7}.Release|Mixed Platforms.ActiveCfg = Release|Any CPU
		{C1250816-4D8A-4379-956E-6E8934106DD7}.Release|Mixed Platforms.Build.0 = Release|Any CPU
		{C1250816-4D8A-4379-956E-6E8934106DD7}.Release|x86.ActiveCfg = Release|Any CPU
		{2CB80FD4-C70B-4AFC-881E-4E033C153092}.Debug|Any CPU.ActiveCfg = Debug|Any CPU
		{2CB80FD4-C70B-4AFC-881E-4E033C153092}.Debug|Any CPU.Build.0 = Debug|Any CPU
		{2CB80FD4-C70B-4AFC-881E-4E033C153092}.Debug|Mixed Platforms.ActiveCfg = Debug|Any CPU
		{2CB80FD4-C70B-4AFC-881E-4E033C153092}.Debug|Mixed Platforms.Build.0 = Debug|Any CPU
		{2CB80FD4-C70B-4AFC-881E-4E033C153092}.Debug|x86.ActiveCfg = Debug|Any CPU
		{2CB80FD4-C70B-4AFC-881E-4E033C153092}.Release|Any CPU.ActiveCfg = Release|Any CPU
		{2CB80FD4-C70B-4AFC-881E-4E033C153092}.Release|Any CPU.Build.0 = Release|Any CPU
		{2CB80FD4-C70B-4AFC-881E-4E033C153092}.Release|Mixed Platforms.ActiveCfg = Release|Any CPU
		{2CB80FD4-C70B-4AFC-881E-4E033C153092}.Release|Mixed Platforms.Build.0 = Release|Any CPU
		{2CB80FD4-C70B-4AFC-881E-4E033C153092}.Release|x86.ActiveCfg = Release|Any CPU
	EndGlobalSection
	GlobalSection(SolutionProperties) = preSolution
		HideSolutionNode = FALSE
	EndGlobalSection
EndGlobal
